hash: 153c73a7b7495fcbdae052f0ea3dfc77a1585b63dfcbf081eb58c4f5a15a7c92
updated: 2016-08-20T13:35:37.546266929-07:00
imports:
- name: github.com/gogo/protobuf
  version: 930660769800edc88a54b970b8f3dbbfe0ca54ff
  subpackages:
  - gogoproto
  - proto
  - protoc-gen-gogo/descriptor
- name: github.com/golang/protobuf
  version: f592bd283e9ef86337a432eb50e592278c3d534d
  subpackages:
  - proto
testImports: []
